
Microsoft Visual Studio Solution File, Format Version 12.00
# Visual Studio 14
VisualStudioVersion = 14.0.25420.1
MinimumVisualStudioVersion = 10.0.40219.1
Project("{FAE04EC0-301F-11D3-BF4B-00C04F79EFBC}") = "CreationalDesignPatterns", "CreationalDesignPatterns\CreationalDesignPatterns.csproj", "{ABD1616E-4B45-47E7-A75F-773B285C4EE6}"
EndProject
Project("{FAE04EC0-301F-11D3-BF4B-00C04F79EFBC}") = "StructuralDesignPatterns", "StructuralDesignPatterns\StructuralDesignPatterns.csproj", "{041FF14F-5BBB-452D-A31C-920CF8D4E3E1}"
EndProject
Global
	GlobalSection(SolutionConfigurationPlatforms) = preSolution
		Debug|Any CPU = Debug|Any CPU
		Release|Any CPU = Release|Any CPU
	EndGlobalSection
	GlobalSection(ProjectConfigurationPlatforms) = postSolution
		{ABD1616E-4B45-47E7-A75F-773B285C4EE6}.Debug|Any CPU.ActiveCfg = Debug|Any CPU
		{ABD1616E-4B45-47E7-A75F-773B285C4EE6}.Debug|Any CPU.Build.0 = Debug|Any CPU
		{ABD1616E-4B45-47E7-A75F-773B285C4EE6}.Release|Any CPU.ActiveCfg = Release|Any CPU
		{ABD1616E-4B45-47E7-A75F-773B285C4EE6}.Release|Any CPU.Build.0 = Release|Any CPU
		{041FF14F-5BBB-452D-A31C-920CF8D4E3E1}.Debug|Any CPU.ActiveCfg = Debug|Any CPU
		{041FF14F-5BBB-452D-A31C-920CF8D4E3E1}.Debug|Any CPU.Build.0 = Debug|Any CPU
		{041FF14F-5BBB-452D-A31C-920CF8D4E3E1}.Release|Any CPU.ActiveCfg = Release|Any CPU
		{041FF14F-5BBB-452D-A31C-920CF8D4E3E1}.Release|Any CPU.Build.0 = Release|Any CPU
	EndGlobalSection
	GlobalSection(SolutionProperties) = preSolution
		HideSolutionNode = FALSE
	EndGlobalSection
EndGlobal
